
Microsoft Visual Studio Solution File, Format Version 12.00
# Visual Studio Version 16
VisualStudioVersion = 16.0.29230.47
MinimumVisualStudioVersion = 10.0.40219.1
Project("{8BC9CEB8-8B4A-11D0-8D11-00A0C91BC942}") = "SafeSEH", "SafeSEH.vcxproj", "{B29134A4-3EFF-4194-BF23-412525114464}"
EndProject
Global
	GlobalSection(SolutionConfigurationPlatforms) = preSolution
		Debug|x64 = Debug|x64
		Debug|x86 = Debug|x86
		Release|x64 = Release|x64
		Release|x86 = Release|x86
	EndGlobalSection
	GlobalSection(ProjectConfigurationPlatforms) = postSolution
		{B29134A4-3EFF-4194-BF23-412525114464}.Debug|x64.ActiveCfg = Debug|x64
		{B29134A4-3EFF-4194-BF23-412525114464}.Debug|x64.Build.0 = Debug|x64
		{B29134A4-3EFF-4194-BF23-412525114464}.Debug|x86.ActiveCfg = Debug|Win32
		{B29134A4-3EFF-4194-BF23-412525114464}.Debug|x86.Build.0 = Debug|Win32
		{B29134A4-3EFF-4194-BF23-412525114464}.Release|x64.ActiveCfg = Release|x64
		{B29134A4-3EFF-4194-BF23-412525114464}.Release|x64.Build.0 = Release|x64
		{B29134A4-3EFF-4194-BF23-412525114464}.Release|x86.ActiveCfg = Release|Win32
		{B29134A4-3EFF-4194-BF23-412525114464}.Release|x86.Build.0 = Release|Win32
	EndGlobalSection
	GlobalSection(SolutionProperties) = preSolution
		HideSolutionNode = FALSE
	EndGlobalSection
	GlobalSection(ExtensibilityGlobals) = postSolution
		SolutionGuid = {D680D27A-3B81-4E07-BF35-5FD2B50ACAEA}
	EndGlobalSection
EndGlobal
